
Microsoft Visual Studio Solution File, Format Version 12.00
# Visual Studio Version 17
VisualStudioVersion = 17.14.36429.23
MinimumVisualStudioVersion = 10.0.40219.1
Project("{2150E333-8FDC-42A3-9474-1A3956D46DE8}") = "SERV_EX(ARCHIVOS_DELEGADOS_LAMBDAS)", "SERV_EX(ARCHIVOS_DELEGADOS_LAMBDAS)", "{02EA681E-C7D8-13C7-8484-4AC65E1B71E8}"
EndProject
Project("{FAE04EC0-301F-11D3-BF4B-00C04F79EFBC}") = "SERV_EX1", "SERV_EX1\SERV_EX1.csproj", "{B6D43222-9C83-41D3-BBF8-2F6A9C6B4E12}"
EndProject
Project("{FAE04EC0-301F-11D3-BF4B-00C04F79EFBC}") = "DI_EX7", "..\InterfaceDevelopment\DI_TM123\DI_EX7\DI_EX7.csproj", "{1D1C2AC9-137C-BDBA-F9EF-8E58FFD7A431}"
EndProject
Project("{FAE04EC0-301F-11D3-BF4B-00C04F79EFBC}") = "SERV_EX3", "SERV_EX3\SERV_EX3.csproj", "{7DB0D2E4-AF56-4DD4-AE95-69CF9806BC50}"
EndProject
Project("{FAE04EC0-301F-11D3-BF4B-00C04F79EFBC}") = "SERV_EX4", "SERV_EX4\SERV_EX4.csproj", "{47840005-E9FD-45D6-9701-5F409E6CB1BF}"
EndProject
Project("{2150E333-8FDC-42A3-9474-1A3956D46DE8}") = "SERV_EX(HILOS)", "SERV_EX(HILOS)", "{8DEEEBFA-CE21-46E8-A325-386DAFF5D682}"
EndProject
Project("{FAE04EC0-301F-11D3-BF4B-00C04F79EFBC}") = "SERV_HILOS_EX1", "SERV_HILOS_EX1\SERV_HILOS_EX1.csproj", "{67150B11-F7B2-4813-BAED-A4090C6AE787}"
EndProject
Global
	GlobalSection(SolutionConfigurationPlatforms) = preSolution
		Debug|Any CPU = Debug|Any CPU
		Release|Any CPU = Release|Any CPU
	EndGlobalSection
	GlobalSection(ProjectConfigurationPlatforms) = postSolution
		{B6D43222-9C83-41D3-BBF8-2F6A9C6B4E12}.Debug|Any CPU.ActiveCfg = Debug|Any CPU
		{B6D43222-9C83-41D3-BBF8-2F6A9C6B4E12}.Debug|Any CPU.Build.0 = Debug|Any CPU
		{B6D43222-9C83-41D3-BBF8-2F6A9C6B4E12}.Release|Any CPU.ActiveCfg = Release|Any CPU
		{B6D43222-9C83-41D3-BBF8-2F6A9C6B4E12}.Release|Any CPU.Build.0 = Release|Any CPU
		{1D1C2AC9-137C-BDBA-F9EF-8E58FFD7A431}.Debug|Any CPU.ActiveCfg = Debug|Any CPU
		{1D1C2AC9-137C-BDBA-F9EF-8E58FFD7A431}.Debug|Any CPU.Build.0 = Debug|Any CPU
		{1D1C2AC9-137C-BDBA-F9EF-8E58FFD7A431}.Release|Any CPU.ActiveCfg = Release|Any CPU
		{1D1C2AC9-137C-BDBA-F9EF-8E58FFD7A431}.Release|Any CPU.Build.0 = Release|Any CPU
		{7DB0D2E4-AF56-4DD4-AE95-69CF9806BC50}.Debug|Any CPU.ActiveCfg = Debug|Any CPU
		{7DB0D2E4-AF56-4DD4-AE95-69CF9806BC50}.Debug|Any CPU.Build.0 = Debug|Any CPU
		{7DB0D2E4-AF56-4DD4-AE95-69CF9806BC50}.Release|Any CPU.ActiveCfg = Release|Any CPU
		{7DB0D2E4-AF56-4DD4-AE95-69CF9806BC50}.Release|Any CPU.Build.0 = Release|Any CPU
		{47840005-E9FD-45D6-9701-5F409E6CB1BF}.Debug|Any CPU.ActiveCfg = Debug|Any CPU
		{47840005-E9FD-45D6-9701-5F409E6CB1BF}.Debug|Any CPU.Build.0 = Debug|Any CPU
		{47840005-E9FD-45D6-9701-5F409E6CB1BF}.Release|Any CPU.ActiveCfg = Release|Any CPU
		{47840005-E9FD-45D6-9701-5F409E6CB1BF}.Release|Any CPU.Build.0 = Release|Any CPU
		{67150B11-F7B2-4813-BAED-A4090C6AE787}.Debug|Any CPU.ActiveCfg = Debug|Any CPU
		{67150B11-F7B2-4813-BAED-A4090C6AE787}.Debug|Any CPU.Build.0 = Debug|Any CPU
		{67150B11-F7B2-4813-BAED-A4090C6AE787}.Release|Any CPU.ActiveCfg = Release|Any CPU
		{67150B11-F7B2-4813-BAED-A4090C6AE787}.Release|Any CPU.Build.0 = Release|Any CPU
	EndGlobalSection
	GlobalSection(SolutionProperties) = preSolution
		HideSolutionNode = FALSE
	EndGlobalSection
	GlobalSection(NestedProjects) = preSolution
		{B6D43222-9C83-41D3-BBF8-2F6A9C6B4E12} = {02EA681E-C7D8-13C7-8484-4AC65E1B71E8}
		{1D1C2AC9-137C-BDBA-F9EF-8E58FFD7A431} = {02EA681E-C7D8-13C7-8484-4AC65E1B71E8}
		{7DB0D2E4-AF56-4DD4-AE95-69CF9806BC50} = {02EA681E-C7D8-13C7-8484-4AC65E1B71E8}
		{47840005-E9FD-45D6-9701-5F409E6CB1BF} = {02EA681E-C7D8-13C7-8484-4AC65E1B71E8}
		{67150B11-F7B2-4813-BAED-A4090C6AE787} = {8DEEEBFA-CE21-46E8-A325-386DAFF5D682}
	EndGlobalSection
	GlobalSection(ExtensibilityGlobals) = postSolution
		SolutionGuid = {6A9A22A5-7B3F-4FC7-9982-01946DE4462A}
	EndGlobalSection
EndGlobal
